
Microsoft Visual Studio Solution File, Format Version 12.00
# Visual Studio Version 16
VisualStudioVersion = 16.0.33920.266
MinimumVisualStudioVersion = 10.0.40219.1
Project("{9A19103F-16F7-4668-BE54-9A1E7A4F7556}") = "Traversal_Rezervasyon_CORE", "Traversal_Rezervasyon_CORE\Traversal_Rezervasyon_CORE.csproj", "{D57750F2-CD5A-472D-B189-D865F3AEB971}"
EndProject
Project("{9A19103F-16F7-4668-BE54-9A1E7A4F7556}") = "EntityLayer", "EntityLayer\EntityLayer.csproj", "{DA94A638-B619-4CDF-9D9E-5434A9BBFAE6}"
EndProject
Project("{9A19103F-16F7-4668-BE54-9A1E7A4F7556}") = "BusinessLayer", "BusinessLayer\BusinessLayer.csproj", "{1F3C96EE-A4CD-44C0-A9A7-4884BB5B85A9}"
EndProject
Project("{9A19103F-16F7-4668-BE54-9A1E7A4F7556}") = "DataAccessLayer", "DataAccessLayer\DataAccessLayer.csproj", "{4F4F68D4-8A98-4305-8629-08387DE5ABEB}"
EndProject
Project("{FAE04EC0-301F-11D3-BF4B-00C04F79EFBC}") = "DTOLayer", "DTOLayer\DTOLayer.csproj", "{B18C9481-02C8-497D-B1CA-BEF4ECB726B7}"
EndProject
Global
	GlobalSection(SolutionConfigurationPlatforms) = preSolution
		Debug|Any CPU = Debug|Any CPU
		Release|Any CPU = Release|Any CPU
	EndGlobalSection
	GlobalSection(ProjectConfigurationPlatforms) = postSolution
		{D57750F2-CD5A-472D-B189-D865F3AEB971}.Debug|Any CPU.ActiveCfg = Debug|Any CPU
		{D57750F2-CD5A-472D-B189-D865F3AEB971}.Debug|Any CPU.Build.0 = Debug|Any CPU
		{D57750F2-CD5A-472D-B189-D865F3AEB971}.Release|Any CPU.ActiveCfg = Release|Any CPU
		{D57750F2-CD5A-472D-B189-D865F3AEB971}.Release|Any CPU.Build.0 = Release|Any CPU
		{DA94A638-B619-4CDF-9D9E-5434A9BBFAE6}.Debug|Any CPU.ActiveCfg = Debug|Any CPU
		{DA94A638-B619-4CDF-9D9E-5434A9BBFAE6}.Debug|Any CPU.Build.0 = Debug|Any CPU
		{DA94A638-B619-4CDF-9D9E-5434A9BBFAE6}.Release|Any CPU.ActiveCfg = Release|Any CPU
		{DA94A638-B619-4CDF-9D9E-5434A9BBFAE6}.Release|Any CPU.Build.0 = Release|Any CPU
		{1F3C96EE-A4CD-44C0-A9A7-4884BB5B85A9}.Debug|Any CPU.ActiveCfg = Debug|Any CPU
		{1F3C96EE-A4CD-44C0-A9A7-4884BB5B85A9}.Debug|Any CPU.Build.0 = Debug|Any CPU
		{1F3C96EE-A4CD-44C0-A9A7-4884BB5B85A9}.Release|Any CPU.ActiveCfg = Release|Any CPU
		{1F3C96EE-A4CD-44C0-A9A7-4884BB5B85A9}.Release|Any CPU.Build.0 = Release|Any CPU
		{4F4F68D4-8A98-4305-8629-08387DE5ABEB}.Debug|Any CPU.ActiveCfg = Debug|Any CPU
		{4F4F68D4-8A98-4305-8629-08387DE5ABEB}.Debug|Any CPU.Build.0 = Debug|Any CPU
		{4F4F68D4-8A98-4305-8629-08387DE5ABEB}.Release|Any CPU.ActiveCfg = Release|Any CPU
		{4F4F68D4-8A98-4305-8629-08387DE5ABEB}.Release|Any CPU.Build.0 = Release|Any CPU
		{B18C9481-02C8-497D-B1CA-BEF4ECB726B7}.Debug|Any CPU.ActiveCfg = Debug|Any CPU
		{B18C9481-02C8-497D-B1CA-BEF4ECB726B7}.Debug|Any CPU.Build.0 = Debug|Any CPU
		{B18C9481-02C8-497D-B1CA-BEF4ECB726B7}.Release|Any CPU.ActiveCfg = Release|Any CPU
		{B18C9481-02C8-497D-B1CA-BEF4ECB726B7}.Release|Any CPU.Build.0 = Release|Any CPU
	EndGlobalSection
	GlobalSection(SolutionProperties) = preSolution
		HideSolutionNode = FALSE
	EndGlobalSection
	GlobalSection(ExtensibilityGlobals) = postSolution
		SolutionGuid = {FE0EF998-4734-400B-B588-A1ED36DAE4FA}
	EndGlobalSection
EndGlobal
